
Microsoft Visual Studio Solution File, Format Version 12.00
# Visual Studio 2013
VisualStudioVersion = 12.0.31101.0
MinimumVisualStudioVersion = 10.0.40219.1
Project("{FAE04EC0-301F-11D3-BF4B-00C04F79EFBC}") = "KLog", "KLog\KLog.csproj", "{A5890FBE-7970-419F-9F73-B9A31E98A267}"
EndProject
Project("{FAE04EC0-301F-11D3-BF4B-00C04F79EFBC}") = "UnitTests", "UnitTests\UnitTests.csproj", "{BCBC49D7-42DA-478B-BA75-6F57D9815241}"
EndProject
Global
	GlobalSection(SolutionConfigurationPlatforms) = preSolution
		Debug|Any CPU = Debug|Any CPU
		Release|Any CPU = Release|Any CPU
	EndGlobalSection
	GlobalSection(ProjectConfigurationPlatforms) = postSolution
		{A5890FBE-7970-419F-9F73-B9A31E98A267}.Debug|Any CPU.ActiveCfg = Debug|Any CPU
		{A5890FBE-7970-419F-9F73-B9A31E98A267}.Debug|Any CPU.Build.0 = Debug|Any CPU
		{A5890FBE-7970-419F-9F73-B9A31E98A267}.Release|Any CPU.ActiveCfg = Release|Any CPU
		{A5890FBE-7970-419F-9F73-B9A31E98A267}.Release|Any CPU.Build.0 = Release|Any CPU
		{BCBC49D7-42DA-478B-BA75-6F57D9815241}.Debug|Any CPU.ActiveCfg = Debug|Any CPU
		{BCBC49D7-42DA-478B-BA75-6F57D9815241}.Debug|Any CPU.Build.0 = Debug|Any CPU
		{BCBC49D7-42DA-478B-BA75-6F57D9815241}.Release|Any CPU.ActiveCfg = Release|Any CPU
		{BCBC49D7-42DA-478B-BA75-6F57D9815241}.Release|Any CPU.Build.0 = Release|Any CPU
	EndGlobalSection
	GlobalSection(SolutionProperties) = preSolution
		HideSolutionNode = FALSE
	EndGlobalSection
EndGlobal
